
Microsoft Visual Studio Solution File, Format Version 12.00
# Visual Studio Version 17
VisualStudioVersion = 17.9.34622.214
MinimumVisualStudioVersion = 10.0.40219.1
Project("{FAE04EC0-301F-11D3-BF4B-00C04F79EFBC}") = "WebScraping", "WebScraping\WebScraping.csproj", "{113B943C-85BD-428F-9866-9E006EAC6307}"
EndProject
Global
	GlobalSection(SolutionConfigurationPlatforms) = preSolution
		Debug|Any CPU = Debug|Any CPU
		Release|Any CPU = Release|Any CPU
	EndGlobalSection
	GlobalSection(ProjectConfigurationPlatforms) = postSolution
		{113B943C-85BD-428F-9866-9E006EAC6307}.Debug|Any CPU.ActiveCfg = Debug|Any CPU
		{113B943C-85BD-428F-9866-9E006EAC6307}.Debug|Any CPU.Build.0 = Debug|Any CPU
		{113B943C-85BD-428F-9866-9E006EAC6307}.Release|Any CPU.ActiveCfg = Release|Any CPU
		{113B943C-85BD-428F-9866-9E006EAC6307}.Release|Any CPU.Build.0 = Release|Any CPU
	EndGlobalSection
	GlobalSection(SolutionProperties) = preSolution
		HideSolutionNode = FALSE
	EndGlobalSection
	GlobalSection(ExtensibilityGlobals) = postSolution
		SolutionGuid = {06DAE0FE-E67B-47B2-B6FA-46956F953A6C}
	EndGlobalSection
EndGlobal
